// !$*UTF8*$!
{
	archiveVersion = 1;
	classes = {
	};
	objectVersion = 50;
	objects = {

/* Begin PBXBuildFile section */
		B346D24C20C9420C005AA283 /* AppDelegate.swift in Sources */ = {isa = PBXBuildFile; fileRef = B346D24B20C9420C005AA283 /* AppDelegate.swift */; };
		B346D24E20C9420C005AA283 /* LoginViewController.swift in Sources */ = {isa = PBXBuildFile; fileRef = B346D24D20C9420C005AA283 /* LoginViewController.swift */; };
		B346D25120C9420C005AA283 /* Main.storyboard in Resources */ = {isa = PBXBuildFile; fileRef = B346D24F20C9420C005AA283 /* Main.storyboard */; };
		B346D25320C9420D005AA283 /* Assets.xcassets in Resources */ = {isa = PBXBuildFile; fileRef = B346D25220C9420D005AA283 /* Assets.xcassets */; };
		B346D25620C9420D005AA283 /* LaunchScreen.storyboard in Resources */ = {isa = PBXBuildFile; fileRef = B346D25420C9420D005AA283 /* LaunchScreen.storyboard */; };
		B346D26120C9420D005AA283 /* bucketlistTests.swift in Sources */ = {isa = PBXBuildFile; fileRef = B346D26020C9420D005AA283 /* bucketlistTests.swift */; };
		B346D26C20C9420D005AA283 /* bucketlistUITests.swift in Sources */ = {isa = PBXBuildFile; fileRef = B346D26B20C9420D005AA283 /* bucketlistUITests.swift */; };
		B346D27D20C96CC4005AA283 /* RegisterViewController.swift in Sources */ = {isa = PBXBuildFile; fileRef = B346D27C20C96CC4005AA283 /* RegisterViewController.swift */; };
		B346D27F20C96D8A005AA283 /* BucketListTableViewController.swift in Sources */ = {isa = PBXBuildFile; fileRef = B346D27E20C96D8A005AA283 /* BucketListTableViewController.swift */; };
		B346D28120C96E05005AA283 /* ItemTableViewController.swift in Sources */ = {isa = PBXBuildFile; fileRef = B346D28020C96E05005AA283 /* ItemTableViewController.swift */; };
/* End PBXBuildFile section */

/* Begin PBXContainerItemProxy section */
		B346D25D20C9420D005AA283 /* PBXContainerItemProxy */ = {
			isa = PBXContainerItemProxy;
			containerPortal = B346D24020C9420C005AA283 /* Project object */;
			proxyType = 1;
			remoteGlobalIDString = B346D24720C9420C005AA283;
			remoteInfo = bucketlist;
		};
		B346D26820C9420D005AA283 /* PBXContainerItemProxy */ = {
			isa = PBXContainerItemProxy;
			containerPortal = B346D24020C9420C005AA283 /* Project object */;
			proxyType = 1;
			remoteGlobalIDString = B346D24720C9420C005AA283;
			remoteInfo = bucketlist;
		};
/* End PBXContainerItemProxy section */

/* Begin PBXFileReference section */
		B346D24820C9420C005AA283 /* bucketlist.app */ = {isa = PBXFileReference; explicitFileType = wrapper.application; includeInIndex = 0; path = bucketlist.app; sourceTree = BUILT_PRODUCTS_DIR; };
		B346D24B20C9420C005AA283 /* AppDelegate.swift */ = {isa = PBXFileReference; lastKnownFileType = sourcecode.swift; path = AppDelegate.swift; sourceTree = "<group>"; };
		B346D24D20C9420C005AA283 /* LoginViewController.swift */ = {isa = PBXFileReference; lastKnownFileType = sourcecode.swift; path = LoginViewController.swift; sourceTree = "<group>"; };
		B346D25020C9420C005AA283 /* Base */ = {isa = PBXFileReference; lastKnownFileType = file.storyboard; name = Base; path = Base.lproj/Main.storyboard; sourceTree = "<group>"; };
		B346D25220C9420D005AA283 /* Assets.xcassets */ = {isa = PBXFileReference; lastKnownFileType = folder.assetcatalog; path = Assets.xcassets; sourceTree = "<group>"; };
		B346D25520C9420D005AA283 /* Base */ = {isa = PBXFileReference; lastKnownFileType = file.storyboard; name = Base; path = Base.lproj/LaunchScreen.storyboard; sourceTree = "<group>"; };
		B346D25720C9420D005AA283 /* Info.plist */ = {isa = PBXFileReference; lastKnownFileType = text.plist.xml; path = Info.plist; sourceTree = "<group>"; };
		B346D25C20C9420D005AA283 /* bucketlistTests.xctest */ = {isa = PBXFileReference; explicitFileType = wrapper.cfbundle; includeInIndex = 0; path = bucketlistTests.xctest; sourceTree = BUILT_PRODUCTS_DIR; };
		B346D26020C9420D005AA283 /* bucketlistTests.swift */ = {isa = PBXFileReference; lastKnownFileType = sourcecode.swift; path = bucketlistTests.swift; sourceTree = "<group>"; };
		B346D26220C9420D005AA283 /* Info.plist */ = {isa = PBXFileReference; lastKnownFileType = text.plist.xml; path = Info.plist; sourceTree = "<group>"; };
		B346D26720C9420D005AA283 /* bucketlistUITests.xctest */ = {isa = PBXFileReference; explicitFileType = wrapper.cfbundle; includeInIndex = 0; path = bucketlistUITests.xctest; sourceTree = BUILT_PRODUCTS_DIR; };
		B346D26B20C9420D005AA283 /* bucketlistUITests.swift */ = {isa = PBXFileReference; lastKnownFileType = sourcecode.swift; path = bucketlistUITests.swift; sourceTree = "<group>"; };
		B346D26D20C9420D005AA283 /* Info.plist */ = {isa = PBXFileReference; lastKnownFileType = text.plist.xml; path = Info.plist; sourceTree = "<group>"; };
		B346D27C20C96CC4005AA283 /* RegisterViewController.swift */ = {isa = PBXFileReference; lastKnownFileType = sourcecode.swift; path = RegisterViewController.swift; sourceTree = "<group>"; };
		B346D27E20C96D8A005AA283 /* BucketListTableViewController.swift */ = {isa = PBXFileReference; lastKnownFileType = sourcecode.swift; path = BucketListTableViewController.swift; sourceTree = "<group>"; };
		B346D28020C96E05005AA283 /* ItemTableViewController.swift */ = {isa = PBXFileReference; lastKnownFileType = sourcecode.swift; path = ItemTableViewController.swift; sourceTree = "<group>"; };
/* End PBXFileReference section */

/* Begin PBXFrameworksBuildPhase section */
		B346D24520C9420C005AA283 /* Frameworks */ = {
			isa = PBXFrameworksBuildPhase;
			buildActionMask = 2147483647;
			files = (
			);
			runOnlyForDeploymentPostprocessing = 0;
		};
		B346D25920C9420D005AA283 /* Frameworks */ = {
			isa = PBXFrameworksBuildPhase;
			buildActionMask = 2147483647;
			files = (
			);
			runOnlyForDeploymentPostprocessing = 0;
		};
		B346D26420C9420D005AA283 /* Frameworks */ = {
			isa = PBXFrameworksBuildPhase;
			buildActionMask = 2147483647;
			files = (
			);
			runOnlyForDeploymentPostprocessing = 0;
		};
/* End PBXFrameworksBuildPhase section */

/* Begin PBXGroup section */
		B346D23F20C9420C005AA283 = {
			isa = PBXGroup;
			children = (
				B346D24A20C9420C005AA283 /* bucketlist */,
				B346D25F20C9420D005AA283 /* bucketlistTests */,
				B346D26A20C9420D005AA283 /* bucketlistUITests */,
				B346D24920C9420C005AA283 /* Products */,
			);
			sourceTree = "<group>";
		};
		B346D24920C9420C005AA283 /* Products */ = {
			isa = PBXGroup;
			children = (
				B346D24820C9420C005AA283 /* bucketlist.app */,
				B346D25C20C9420D005AA283 /* bucketlistTests.xctest */,
				B346D26720C9420D005AA283 /* bucketlistUITests.xctest */,
			);
			name = Products;
			sourceTree = "<group>";
		};
		B346D24A20C9420C005AA283 /* bucketlist */ = {
			isa = PBXGroup;
			children = (
				B346D24B20C9420C005AA283 /* AppDelegate.swift */,
				B346D27B20C95256005AA283 /* Controller */,
				B346D27A20C9524D005AA283 /* View */,
				B346D27920C95235005AA283 /* Supporting files */,
			);
			path = bucketlist;
			sourceTree = "<group>";
		};
		B346D25F20C9420D005AA283 /* bucketlistTests */ = {
			isa = PBXGroup;
			children = (
				B346D26020C9420D005AA283 /* bucketlistTests.swift */,
				B346D26220C9420D005AA283 /* Info.plist */,
			);
			path = bucketlistTests;
			sourceTree = "<group>";
		};
		B346D26A20C9420D005AA283 /* bucketlistUITests */ = {
			isa = PBXGroup;
			children = (
				B346D26B20C9420D005AA283 /* bucketlistUITests.swift */,
				B346D26D20C9420D005AA283 /* Info.plist */,
			);
			path = bucketlistUITests;
			sourceTree = "<group>";
		};
		B346D27920C95235005AA283 /* Supporting files */ = {
			isa = PBXGroup;
			children = (
				B346D25720C9420D005AA283 /* Info.plist */,
				B346D25220C9420D005AA283 /* Assets.xcassets */,
				B346D25420C9420D005AA283 /* LaunchScreen.storyboard */,
			);
			path = "Supporting files";
			sourceTree = "<group>";
		};
		B346D27A20C9524D005AA283 /* View */ = {
			isa = PBXGroup;
			children = (
				B346D24F20C9420C005AA283 /* Main.storyboard */,
			);
			path = View;
			sourceTree = "<group>";
		};
		B346D27B20C95256005AA283 /* Controller */ = {
			isa = PBXGroup;
			children = (
				B346D24D20C9420C005AA283 /* LoginViewController.swift */,
				B346D27C20C96CC4005AA283 /* RegisterViewController.swift */,
				B346D27E20C96D8A005AA283 /* BucketListTableViewController.swift */,
				B346D28020C96E05005AA283 /* ItemTableViewController.swift */,
			);
			path = Controller;
			sourceTree = "<group>";
		};
/* End PBXGroup section */

/* Begin PBXNativeTarget section */
		B346D24720C9420C005AA283 /* bucketlist */ = {
			isa = PBXNativeTarget;
			buildConfigurationList = B346D27020C9420D005AA283 /* Build configuration list for PBXNativeTarget "bucketlist" */;
			buildPhases = (
				B346D24420C9420C005AA283 /* Sources */,
				B346D24520C9420C005AA283 /* Frameworks */,
				B346D24620C9420C005AA283 /* Resources */,
			);
			buildRules = (
			);
			dependencies = (
			);
			name = bucketlist;
			productName = bucketlist;
			productReference = B346D24820C9420C005AA283 /* bucketlist.app */;
			productType = "com.apple.product-type.application";
		};
		B346D25B20C9420D005AA283 /* bucketlistTests */ = {
			isa = PBXNativeTarget;
			buildConfigurationList = B346D27320C9420D005AA283 /* Build configuration list for PBXNativeTarget "bucketlistTests" */;
			buildPhases = (
				B346D25820C9420D005AA283 /* Sources */,
				B346D25920C9420D005AA283 /* Frameworks */,
				B346D25A20C9420D005AA283 /* Resources */,
			);
			buildRules = (
			);
			dependencies = (
				B346D25E20C9420D005AA283 /* PBXTargetDependency */,
			);
			name = bucketlistTests;
			productName = bucketlistTests;
			productReference = B346D25C20C9420D005AA283 /* bucketlistTests.xctest */;
			productType = "com.apple.product-type.bundle.unit-test";
		};
		B346D26620C9420D005AA283 /* bucketlistUITests */ = {
			isa = PBXNativeTarget;
			buildConfigurationList = B346D27620C9420D005AA283 /* Build configuration list for PBXNativeTarget "bucketlistUITests" */;
			buildPhases = (
				B346D26320C9420D005AA283 /* Sources */,
				B346D26420C9420D005AA283 /* Frameworks */,
				B346D26520C9420D005AA283 /* Resources */,
			);
			buildRules = (
			);
			dependencies = (
				B346D26920C9420D005AA283 /* PBXTargetDependency */,
			);
			name = bucketlistUITests;
			productName = bucketlistUITests;
			productReference = B346D26720C9420D005AA283 /* bucketlistUITests.xctest */;
			productType = "com.apple.product-type.bundle.ui-testing";
		};
/* End PBXNativeTarget section */

/* Begin PBXProject section */
		B346D24020C9420C005AA283 /* Project object */ = {
			isa = PBXProject;
			attributes = {
				LastSwiftUpdateCheck = 0940;
				LastUpgradeCheck = 0940;
				ORGANIZATIONNAME = "Clement  Wekesa";
				TargetAttributes = {
					B346D24720C9420C005AA283 = {
						CreatedOnToolsVersion = 9.4;
					};
					B346D25B20C9420D005AA283 = {
						CreatedOnToolsVersion = 9.4;
						TestTargetID = B346D24720C9420C005AA283;
					};
					B346D26620C9420D005AA283 = {
						CreatedOnToolsVersion = 9.4;
						TestTargetID = B346D24720C9420C005AA283;
					};
				};
			};
			buildConfigurationList = B346D24320C9420C005AA283 /* Build configuration list for PBXProject "bucketlist" */;
			compatibilityVersion = "Xcode 9.3";
			developmentRegion = en;
			hasScannedForEncodings = 0;
			knownRegions = (
				en,
				Base,
			);
			mainGroup = B346D23F20C9420C005AA283;
			productRefGroup = B346D24920C9420C005AA283 /* Products */;
			projectDirPath = "";
			projectRoot = "";
			targets = (
				B346D24720C9420C005AA283 /* bucketlist */,
				B346D25B20C9420D005AA283 /* bucketlistTests */,
				B346D26620C9420D005AA283 /* bucketlistUITests */,
			);
		};
/* End PBXProject section */

/* Begin PBXResourcesBuildPhase section */
		B346D24620C9420C005AA283 /* Resources */ = {
			isa = PBXResourcesBuildPhase;
			buildActionMask = 2147483647;
			files = (
				B346D25620C9420D005AA283 /* LaunchScreen.storyboard in Resources */,
				B346D25320C9420D005AA283 /* Assets.xcassets in Resources */,
				B346D25120C9420C005AA283 /* Main.storyboard in Resources */,
			);
			runOnlyForDeploymentPostprocessing = 0;
		};
		B346D25A20C9420D005AA283 /* Resources */ = {
			isa = PBXResourcesBuildPhase;
			buildActionMask = 2147483647;
			files = (
			);
			runOnlyForDeploymentPostprocessing = 0;
		};
		B346D26520C9420D005AA283 /* Resources */ = {
			isa = PBXResourcesBuildPhase;
			buildActionMask = 2147483647;
			files = (
			);
			runOnlyForDeploymentPostprocessing = 0;
		};
/* End PBXResourcesBuildPhase section */

/* Begin PBXSourcesBuildPhase section */
		B346D24420C9420C005AA283 /* Sources */ = {
			isa = PBXSourcesBuildPhase;
			buildActionMask = 2147483647;
			files = (
				B346D28120C96E05005AA283 /* ItemTableViewController.swift in Sources */,
				B346D27D20C96CC4005AA283 /* RegisterViewController.swift in Sources */,
				B346D24E20C9420C005AA283 /* LoginViewController.swift in Sources */,
				B346D24C20C9420C005AA283 /* AppDelegate.swift in Sources */,
				B346D27F20C96D8A005AA283 /* BucketListTableViewController.swift in Sources */,
			);
			runOnlyForDeploymentPostprocessing = 0;
		};
		B346D25820C9420D005AA283 /* Sources */ = {
			isa = PBXSourcesBuildPhase;
			buildActionMask = 2147483647;
			files = (
				B346D26120C9420D005AA283 /* bucketlistTests.swift in Sources */,
			);
			runOnlyForDeploymentPostprocessing = 0;
		};
		B346D26320C9420D005AA283 /* Sources */ = {
			isa = PBXSourcesBuildPhase;
			buildActionMask = 2147483647;
			files = (
				B346D26C20C9420D005AA283 /* bucketlistUITests.swift in Sources */,
			);
			runOnlyForDeploymentPostprocessing = 0;
		};
/* End PBXSourcesBuildPhase section */

/* Begin PBXTargetDependency section */
		B346D25E20C9420D005AA283 /* PBXTargetDependency */ = {
			isa = PBXTargetDependency;
			target = B346D24720C9420C005AA283 /* bucketlist */;
			targetProxy = B346D25D20C9420D005AA283 /* PBXContainerItemProxy */;
		};
		B346D26920C9420D005AA283 /* PBXTargetDependency */ = {
			isa = PBXTargetDependency;
			target = B346D24720C9420C005AA283 /* bucketlist */;
			targetProxy = B346D26820C9420D005AA283 /* PBXContainerItemProxy */;
		};
/* End PBXTargetDependency section */

/* Begin PBXVariantGroup section */
		B346D24F20C9420C005AA283 /* Main.storyboard */ = {
			isa = PBXVariantGroup;
			children = (
				B346D25020C9420C005AA283 /* Base */,
			);
			name = Main.storyboard;
			sourceTree = "<group>";
		};
		B346D25420C9420D005AA283 /* LaunchScreen.storyboard */ = {
			isa = PBXVariantGroup;
			children = (
				B346D25520C9420D005AA283 /* Base */,
			);
			name = LaunchScreen.storyboard;
			sourceTree = "<group>";
		};
/* End PBXVariantGroup section */

/* Begin XCBuildConfiguration section */
		B346D26E20C9420D005AA283 /* Debug */ = {
			isa = XCBuildConfiguration;
			buildSettings = {
				ALWAYS_SEARCH_USER_PATHS = NO;
				CLANG_ANALYZER_NONNULL = YES;
				CLANG_ANALYZER_NUMBER_OBJECT_CONVERSION = YES_AGGRESSIVE;
				CLANG_CXX_LANGUAGE_STANDARD = "gnu++14";
				CLANG_CXX_LIBRARY = "libc++";
				CLANG_ENABLE_MODULES = YES;
				CLANG_ENABLE_OBJC_ARC = YES;
				CLANG_ENABLE_OBJC_WEAK = YES;
				CLANG_WARN_BLOCK_CAPTURE_AUTORELEASING = YES;
				CLANG_WARN_BOOL_CONVERSION = YES;
				CLANG_WARN_COMMA = YES;
				CLANG_WARN_CONSTANT_CONVERSION = YES;
				CLANG_WARN_DEPRECATED_OBJC_IMPLEMENTATIONS = YES;
				CLANG_WARN_DIRECT_OBJC_ISA_USAGE = YES_ERROR;
				CLANG_WARN_DOCUMENTATION_COMMENTS = YES;
				CLANG_WARN_EMPTY_BODY = YES;
				CLANG_WARN_ENUM_CONVERSION = YES;
				CLANG_WARN_INFINITE_RECURSION = YES;
				CLANG_WARN_INT_CONVERSION = YES;
				CLANG_WARN_NON_LITERAL_NULL_CONVERSION = YES;
				CLANG_WARN_OBJC_IMPLICIT_RETAIN_SELF = YES;
				CLANG_WARN_OBJC_LITERAL_CONVERSION = YES;
				CLANG_WARN_OBJC_ROOT_CLASS = YES_ERROR;
				CLANG_WARN_RANGE_LOOP_ANALYSIS = YES;
				CLANG_WARN_STRICT_PROTOTYPES = YES;
				CLANG_WARN_SUSPICIOUS_MOVE = YES;
				CLANG_WARN_UNGUARDED_AVAILABILITY = YES_AGGRESSIVE;
				CLANG_WARN_UNREACHABLE_CODE = YES;
				CLANG_WARN__DUPLICATE_METHOD_MATCH = YES;
				CODE_SIGN_IDENTITY = "iPhone Developer";
				COPY_PHASE_STRIP = NO;
				DEBUG_INFORMATION_FORMAT = dwarf;
				ENABLE_STRICT_OBJC_MSGSEND = YES;
				ENABLE_TESTABILITY = YES;
				GCC_C_LANGUAGE_STANDARD = gnu11;
				GCC_DYNAMIC_NO_PIC = NO;
				GCC_NO_COMMON_BLOCKS = YES;
				GCC_OPTIMIZATION_LEVEL = 0;
				GCC_PREPROCESSOR_DEFINITIONS = (
					"DEBUG=1",
					"$(inherited)",
				);
				GCC_WARN_64_TO_32_BIT_CONVERSION = YES;
				GCC_WARN_ABOUT_RETURN_TYPE = YES_ERROR;
				GCC_WARN_UNDECLARED_SELECTOR = YES;
				GCC_WARN_UNINITIALIZED_AUTOS = YES_AGGRESSIVE;
				GCC_WARN_UNUSED_FUNCTION = YES;
				GCC_WARN_UNUSED_VARIABLE = YES;
				IPHONEOS_DEPLOYMENT_TARGET = 11.4;
				MTL_ENABLE_DEBUG_INFO = YES;
				ONLY_ACTIVE_ARCH = YES;
				SDKROOT = iphoneos;
				SWIFT_ACTIVE_COMPILATION_CONDITIONS = DEBUG;
				SWIFT_OPTIMIZATION_LEVEL = "-Onone";
			};
			name = Debug;
		};
		B346D26F20C9420D005AA283 /* Release */ = {
			isa = XCBuildConfiguration;
			buildSettings = {
				ALWAYS_SEARCH_USER_PATHS = NO;
				CLANG_ANALYZER_NONNULL = YES;
				CLANG_ANALYZER_NUMBER_OBJECT_CONVERSION = YES_AGGRESSIVE;
				CLANG_CXX_LANGUAGE_STANDARD = "gnu++14";
				CLANG_CXX_LIBRARY = "libc++";
				CLANG_ENABLE_MODULES = YES;
				CLANG_ENABLE_OBJC_ARC = YES;
				CLANG_ENABLE_OBJC_WEAK = YES;
				CLANG_WARN_BLOCK_CAPTURE_AUTORELEASING = YES;
				CLANG_WARN_BOOL_CONVERSION = YES;
				CLANG_WARN_COMMA = YES;
				CLANG_WARN_CONSTANT_CONVERSION = YES;
				CLANG_WARN_DEPRECATED_OBJC_IMPLEMENTATIONS = YES;
				CLANG_WARN_DIRECT_OBJC_ISA_USAGE = YES_ERROR;
				CLANG_WARN_DOCUMENTATION_COMMENTS = YES;
				CLANG_WARN_EMPTY_BODY = YES;
				CLANG_WARN_ENUM_CONVERSION = YES;
				CLANG_WARN_INFINITE_RECURSION = YES;
				CLANG_WARN_INT_CONVERSION = YES;
				CLANG_WARN_NON_LITERAL_NULL_CONVERSION = YES;
				CLANG_WARN_OBJC_IMPLICIT_RETAIN_SELF = YES;
				CLANG_WARN_OBJC_LITERAL_CONVERSION = YES;
				CLANG_WARN_OBJC_ROOT_CLASS = YES_ERROR;
				CLANG_WARN_RANGE_LOOP_ANALYSIS = YES;
				CLANG_WARN_STRICT_PROTOTYPES = YES;
				CLANG_WARN_SUSPICIOUS_MOVE = YES;
				CLANG_WARN_UNGUARDED_AVAILABILITY = YES_AGGRESSIVE;
				CLANG_WARN_UNREACHABLE_CODE = YES;
				CLANG_WARN__DUPLICATE_METHOD_MATCH = YES;
				CODE_SIGN_IDENTITY = "iPhone Developer";
				COPY_PHASE_STRIP = NO;
				DEBUG_INFORMATION_FORMAT = "dwarf-with-dsym";
				ENABLE_NS_ASSERTIONS = NO;
				ENABLE_STRICT_OBJC_MSGSEND = YES;
				GCC_C_LANGUAGE_STANDARD = gnu11;
				GCC_NO_COMMON_BLOCKS = YES;
				GCC_WARN_64_TO_32_BIT_CONVERSION = YES;
				GCC_WARN_ABOUT_RETURN_TYPE = YES_ERROR;
				GCC_WARN_UNDECLARED_SELECTOR = YES;
				GCC_WARN_UNINITIALIZED_AUTOS = YES_AGGRESSIVE;
				GCC_WARN_UNUSED_FUNCTION = YES;
				GCC_WARN_UNUSED_VARIABLE = YES;
				IPHONEOS_DEPLOYMENT_TARGET = 11.4;
				MTL_ENABLE_DEBUG_INFO = NO;
				SDKROOT = iphoneos;
				SWIFT_COMPILATION_MODE = wholemodule;
				SWIFT_OPTIMIZATION_LEVEL = "-O";
				VALIDATE_PRODUCT = YES;
			};
			name = Release;
		};
		B346D27120C9420D005AA283 /* Debug */ = {
			isa = XCBuildConfiguration;
			buildSettings = {
				ASSETCATALOG_COMPILER_APPICON_NAME = AppIcon;
				CODE_SIGN_STYLE = Automatic;
				DEVELOPMENT_TEAM = Z2TAY6TRFW;
				INFOPLIST_FILE = bucketlist/Info.plist;
				LD_RUNPATH_SEARCH_PATHS = (
					"$(inherited)",
					"@executable_path/Frameworks",
				);
				PRODUCT_BUNDLE_IDENTIFIER = dhwty.bucketlist;
				PRODUCT_NAME = "$(TARGET_NAME)";
				SWIFT_VERSION = 4.0;
				TARGETED_DEVICE_FAMILY = "1,2";
			};
			name = Debug;
		};
		B346D27220C9420D005AA283 /* Release */ = {
			isa = XCBuildConfiguration;
			buildSettings = {
				ASSETCATALOG_COMPILER_APPICON_NAME = AppIcon;
				CODE_SIGN_STYLE = Automatic;
				DEVELOPMENT_TEAM = Z2TAY6TRFW;
				INFOPLIST_FILE = bucketlist/Info.plist;
				LD_RUNPATH_SEARCH_PATHS = (
					"$(inherited)",
					"@executable_path/Frameworks",
				);
				PRODUCT_BUNDLE_IDENTIFIER = dhwty.bucketlist;
				PRODUCT_NAME = "$(TARGET_NAME)";
				SWIFT_VERSION = 4.0;
				TARGETED_DEVICE_FAMILY = "1,2";
			};
			name = Release;
		};
		B346D27420C9420D005AA283 /* Debug */ = {
			isa = XCBuildConfiguration;
			buildSettings = {
				ALWAYS_EMBED_SWIFT_STANDARD_LIBRARIES = YES;
				BUNDLE_LOADER = "$(TEST_HOST)";
				CODE_SIGN_STYLE = Automatic;
				INFOPLIST_FILE = bucketlistTests/Info.plist;
				LD_RUNPATH_SEARCH_PATHS = (
					"$(inherited)",
					"@executable_path/Frameworks",
					"@loader_path/Frameworks",
				);
				PRODUCT_BUNDLE_IDENTIFIER = dhwty.bucketlistTests;
				PRODUCT_NAME = "$(TARGET_NAME)";
				SWIFT_VERSION = 4.0;
				TARGETED_DEVICE_FAMILY = "1,2";
				TEST_HOST = "$(BUILT_PRODUCTS_DIR)/bucketlist.app/bucketlist";
			};
			name = Debug;
		};
		B346D27520C9420D005AA283 /* Release */ = {
			isa = XCBuildConfiguration;
			buildSettings = {
				ALWAYS_EMBED_SWIFT_STANDARD_LIBRARIES = YES;
				BUNDLE_LOADER = "$(TEST_HOST)";
				CODE_SIGN_STYLE = Automatic;
				INFOPLIST_FILE = bucketlistTests/Info.plist;
				LD_RUNPATH_SEARCH_PATHS = (
					"$(inherited)",
					"@executable_path/Frameworks",
					"@loader_path/Frameworks",
				);
				PRODUCT_BUNDLE_IDENTIFIER = dhwty.bucketlistTests;
				PRODUCT_NAME = "$(TARGET_NAME)";
				SWIFT_VERSION = 4.0;
				TARGETED_DEVICE_FAMILY = "1,2";
				TEST_HOST = "$(BUILT_PRODUCTS_DIR)/bucketlist.app/bucketlist";
			};
			name = Release;
		};
		B346D27720C9420D005AA283 /* Debug */ = {
			isa = XCBuildConfiguration;
			buildSettings = {
				ALWAYS_EMBED_SWIFT_STANDARD_LIBRARIES = YES;
				CODE_SIGN_STYLE = Automatic;
				INFOPLIST_FILE = bucketlistUITests/Info.plist;
				LD_RUNPATH_SEARCH_PATHS = (
					"$(inherited)",
					"@executable_path/Frameworks",
					"@loader_path/Frameworks",
				);
				PRODUCT_BUNDLE_IDENTIFIER = dhwty.bucketlistUITests;
				PRODUCT_NAME = "$(TARGET_NAME)";
				SWIFT_VERSION = 4.0;
				TARGETED_DEVICE_FAMILY = "1,2";
				TEST_TARGET_NAME = bucketlist;
			};
			name = Debug;
		};
		B346D27820C9420D005AA283 /* Release */ = {
			isa = XCBuildConfiguration;
			buildSettings = {
				ALWAYS_EMBED_SWIFT_STANDARD_LIBRARIES = YES;
				CODE_SIGN_STYLE = Automatic;
				INFOPLIST_FILE = bucketlistUITests/Info.plist;
				LD_RUNPATH_SEARCH_PATHS = (
					"$(inherited)",
					"@executable_path/Frameworks",
					"@loader_path/Frameworks",
				);
				PRODUCT_BUNDLE_IDENTIFIER = dhwty.bucketlistUITests;
				PRODUCT_NAME = "$(TARGET_NAME)";
				SWIFT_VERSION = 4.0;
				TARGETED_DEVICE_FAMILY = "1,2";
				TEST_TARGET_NAME = bucketlist;
			};
			name = Release;
		};
/* End XCBuildConfiguration section */

/* Begin XCConfigurationList section */
		B346D24320C9420C005AA283 /* Build configuration list for PBXProject "bucketlist" */ = {
			isa = XCConfigurationList;
			buildConfigurations = (
				B346D26E20C9420D005AA283 /* Debug */,
				B346D26F20C9420D005AA283 /* Release */,
			);
			defaultConfigurationIsVisible = 0;
			defaultConfigurationName = Release;
		};
		B346D27020C9420D005AA283 /* Build configuration list for PBXNativeTarget "bucketlist" */ = {
			isa = XCConfigurationList;
			buildConfigurations = (
				B346D27120C9420D005AA283 /* Debug */,
				B346D27220C9420D005AA283 /* Release */,
			);
			defaultConfigurationIsVisible = 0;
			defaultConfigurationName = Release;
		};
		B346D27320C9420D005AA283 /* Build configuration list for PBXNativeTarget "bucketlistTests" */ = {
			isa = XCConfigurationList;
			buildConfigurations = (
				B346D27420C9420D005AA283 /* Debug */,
				B346D27520C9420D005AA283 /* Release */,
			);
			defaultConfigurationIsVisible = 0;
			defaultConfigurationName = Release;
		};
		B346D27620C9420D005AA283 /* Build configuration list for PBXNativeTarget "bucketlistUITests" */ = {
			isa = XCConfigurationList;
			buildConfigurations = (
				B346D27720C9420D005AA283 /* Debug */,
				B346D27820C9420D005AA283 /* Release */,
			);
			defaultConfigurationIsVisible = 0;
			defaultConfigurationName = Release;
		};
/* End XCConfigurationList section */
	};
	rootObject = B346D24020C9420C005AA283 /* Project object */;
}
